{
  "nodes": {
    "nixpkgs": {
      "locked": {
        "lastModified": 1791254437,
        "narHash": "sha256-MtUTNbeLCAWGgY7Bt9adNUEkiY5Uv7POO1gP8ClVhQY=",
        "rev": "b25309931cfda5f0b8805f462a29897eeae50168",
        "type": "tarball",
        "url": "https://releases.nixos.org/nixos/26.05/nixos-26.05.11275.b25309931cfd/nixexprs.tar.zst"
      },
      "original": {
        "id": "nixpkgs",
        "ref": "nixos-26.05",
        "type": "indirect"
      }
    },
    "root": {
      "inputs": {
        "nixpkgs": "nixpkgs"
      }
    }
  },
  "root": "root",
  "version": 7
}
